
Microsoft Visual Studio Solution File, Format Version 12.00
# Visual Studio Version 17
VisualStudioVersion = 17.6.33717.318
MinimumVisualStudioVersion = 10.0.40219.1
Project("{2150E333-8FDC-42A3-9474-1A3956D46DE8}") = "Orchestration", "Orchestration", "{C0F8E8BE-45A1-4FFC-B1F1-E56DBFD84AD8}"
EndProject
Project("{9A19103F-16F7-4668-BE54-9A1E7A4F7556}") = "OF.Data.Quotes", "OF.Data.Quotes\OF.Data.Quotes.csproj", "{5441B72E-F7BE-42F5-AE47-DAFA863EB92B}"
EndProject
Project("{9A19103F-16F7-4668-BE54-9A1E7A4F7556}") = "OF.Common", "OF.Common\OF.Common.csproj", "{41A40865-F969-46D6-A9C8-2F43015FEF38}"
EndProject
Project("{2150E333-8FDC-42A3-9474-1A3956D46DE8}") = "Presentation", "Presentation", "{BC9E69E1-FD88-4A76-9F87-8A15C685AF3F}"
EndProject
Project("{9A19103F-16F7-4668-BE54-9A1E7A4F7556}") = "OF.UI", "OF.UI\OF.UI.csproj", "{8D8718B6-0511-4F2D-A9A7-A273C0ABD3E7}"
EndProject
Project("{9A19103F-16F7-4668-BE54-9A1E7A4F7556}") = "OF.Api", "OF.Api\OF.Api.csproj", "{ED6ABDB9-3AA5-4311-B5DD-D4F74BE0BE68}"
EndProject
Project("{9A19103F-16F7-4668-BE54-9A1E7A4F7556}") = "OF.Data", "OF.Data\OF.Data.csproj", "{51C58380-079F-4FDA-A87D-DC72DBB2259E}"
EndProject
Project("{2150E333-8FDC-42A3-9474-1A3956D46DE8}") = "Tests", "Tests", "{7C196CCF-D6E3-4A12-BCCF-4478002F8F72}"
EndProject
Project("{9A19103F-16F7-4668-BE54-9A1E7A4F7556}") = "OF.Tests", "OF.Tests\OF.Tests.csproj", "{92C89CF6-7E28-4BDC-83C3-3EF2BFEA39FA}"
EndProject
Project("{9A19103F-16F7-4668-BE54-9A1E7A4F7556}") = "OF.Data.ProductItems", "OF.Data.ProductItems\OF.Data.ProductItems.csproj", "{E687D40B-386F-4806-AA60-6875735131B2}"
EndProject
Project("{00D1A9C2-B5F0-4AF3-8072-F6C62B433612}") = "OF.Data.Design", "OF.Data.Design\OF.Data.Design.sqlproj", "{59F5976A-0870-41E8-AEC9-568F317BD7D2}"
EndProject
Project("{9A19103F-16F7-4668-BE54-9A1E7A4F7556}") = "OF.Data.Assets", "OF.Data.Assets\OF.Data.Assets.csproj", "{2B3EB965-E32D-4226-8849-0A5CC5808174}"
EndProject
Project("{9A19103F-16F7-4668-BE54-9A1E7A4F7556}") = "OF.Data.Warehouses", "OF.Data.Warehouses\OF.Data.Warehouses.csproj", "{574F08BF-BE09-4062-8A11-88DC402D5B24}"
EndProject
Project("{2150E333-8FDC-42A3-9474-1A3956D46DE8}") = "Build", "Build", "{45F4E112-F673-4585-8CF6-293CF53BE465}"
	ProjectSection(SolutionItems) = preProject
		..\.azd\actions\variables.yml = ..\.azd\actions\variables.yml
	EndProjectSection
EndProject
Project("{9A19103F-16F7-4668-BE54-9A1E7A4F7556}") = "OF.PricingUI", "OF.PricingUI\OF.PricingUI.csproj", "{7491C3B9-7419-47F7-94D6-4E593BAD2589}"
EndProject
Project("{FAE04EC0-301F-11D3-BF4B-00C04F79EFBC}") = "OF.UI.Shared", "OF.UI.Shared\OF.UI.Shared.csproj", "{2B1D1694-3D4A-4051-8458-28BC1D70788B}"
EndProject
Project("{FAE04EC0-301F-11D3-BF4B-00C04F79EFBC}") = "OF.WebApp", "OF.WebApp\OF.WebApp.csproj", "{9A756A7D-1B69-48F1-A2D9-1FA757EF622F}"
EndProject
Global
	GlobalSection(SolutionConfigurationPlatforms) = preSolution
		CodeQL|Any CPU = CodeQL|Any CPU
		CodeQL|x64 = CodeQL|x64
		CodeQL|x86 = CodeQL|x86
		Debug|Any CPU = Debug|Any CPU
		Debug|x64 = Debug|x64
		Debug|x86 = Debug|x86
		Release|Any CPU = Release|Any CPU
		Release|x64 = Release|x64
		Release|x86 = Release|x86
	EndGlobalSection
	GlobalSection(ProjectConfigurationPlatforms) = postSolution
		{5441B72E-F7BE-42F5-AE47-DAFA863EB92B}.CodeQL|Any CPU.ActiveCfg = CodeQL|Any CPU
		{5441B72E-F7BE-42F5-AE47-DAFA863EB92B}.CodeQL|Any CPU.Build.0 = CodeQL|Any CPU
		{5441B72E-F7BE-42F5-AE47-DAFA863EB92B}.CodeQL|x64.ActiveCfg = CodeQL|Any CPU
		{5441B72E-F7BE-42F5-AE47-DAFA863EB92B}.CodeQL|x64.Build.0 = CodeQL|Any CPU
		{5441B72E-F7BE-42F5-AE47-DAFA863EB92B}.CodeQL|x86.ActiveCfg = CodeQL|Any CPU
		{5441B72E-F7BE-42F5-AE47-DAFA863EB92B}.CodeQL|x86.Build.0 = CodeQL|Any CPU
		{5441B72E-F7BE-42F5-AE47-DAFA863EB92B}.Debug|Any CPU.ActiveCfg = Debug|Any CPU
		{5441B72E-F7BE-42F5-AE47-DAFA863EB92B}.Debug|Any CPU.Build.0 = Debug|Any CPU
		{5441B72E-F7BE-42F5-AE47-DAFA863EB92B}.Debug|x64.ActiveCfg = Debug|Any CPU
		{5441B72E-F7BE-42F5-AE47-DAFA863EB92B}.Debug|x64.Build.0 = Debug|Any CPU
		{5441B72E-F7BE-42F5-AE47-DAFA863EB92B}.Debug|x86.ActiveCfg = Debug|Any CPU
		{5441B72E-F7BE-42F5-AE47-DAFA863EB92B}.Debug|x86.Build.0 = Debug|Any CPU
		{5441B72E-F7BE-42F5-AE47-DAFA863EB92B}.Release|Any CPU.ActiveCfg = Release|Any CPU
		{5441B72E-F7BE-42F5-AE47-DAFA863EB92B}.Release|Any CPU.Build.0 = Release|Any CPU
		{5441B72E-F7BE-42F5-AE47-DAFA863EB92B}.Release|x64.ActiveCfg = Release|Any CPU
		{5441B72E-F7BE-42F5-AE47-DAFA863EB92B}.Release|x64.Build.0 = Release|Any CPU
		{5441B72E-F7BE-42F5-AE47-DAFA863EB92B}.Release|x86.ActiveCfg = Release|Any CPU
		{5441B72E-F7BE-42F5-AE47-DAFA863EB92B}.Release|x86.Build.0 = Release|Any CPU
		{41A40865-F969-46D6-A9C8-2F43015FEF38}.CodeQL|Any CPU.ActiveCfg = CodeQL|Any CPU
		{41A40865-F969-46D6-A9C8-2F43015FEF38}.CodeQL|Any CPU.Build.0 = CodeQL|Any CPU
		{41A40865-F969-46D6-A9C8-2F43015FEF38}.CodeQL|x64.ActiveCfg = CodeQL|Any CPU
		{41A40865-F969-46D6-A9C8-2F43015FEF38}.CodeQL|x64.Build.0 = CodeQL|Any CPU
		{41A40865-F969-46D6-A9C8-2F43015FEF38}.CodeQL|x86.ActiveCfg = CodeQL|Any CPU
		{41A40865-F969-46D6-A9C8-2F43015FEF38}.CodeQL|x86.Build.0 = CodeQL|Any CPU
		{41A40865-F969-46D6-A9C8-2F43015FEF38}.Debug|Any CPU.ActiveCfg = Debug|Any CPU
		{41A40865-F969-46D6-A9C8-2F43015FEF38}.Debug|Any CPU.Build.0 = Debug|Any CPU
		{41A40865-F969-46D6-A9C8-2F43015FEF38}.Debug|x64.ActiveCfg = Debug|Any CPU
		{41A40865-F969-46D6-A9C8-2F43015FEF38}.Debug|x64.Build.0 = Debug|Any CPU
		{41A40865-F969-46D6-A9C8-2F43015FEF38}.Debug|x86.ActiveCfg = Debug|Any CPU
		{41A40865-F969-46D6-A9C8-2F43015FEF38}.Debug|x86.Build.0 = Debug|Any CPU
		{41A40865-F969-46D6-A9C8-2F43015FEF38}.Release|Any CPU.ActiveCfg = Release|Any CPU
		{41A40865-F969-46D6-A9C8-2F43015FEF38}.Release|Any CPU.Build.0 = Release|Any CPU
		{41A40865-F969-46D6-A9C8-2F43015FEF38}.Release|x64.ActiveCfg = Release|Any CPU
		{41A40865-F969-46D6-A9C8-2F43015FEF38}.Release|x64.Build.0 = Release|Any CPU
		{41A40865-F969-46D6-A9C8-2F43015FEF38}.Release|x86.ActiveCfg = Release|Any CPU
		{41A40865-F969-46D6-A9C8-2F43015FEF38}.Release|x86.Build.0 = Release|Any CPU
		{8D8718B6-0511-4F2D-A9A7-A273C0ABD3E7}.CodeQL|Any CPU.ActiveCfg = CodeQL|Any CPU
		{8D8718B6-0511-4F2D-A9A7-A273C0ABD3E7}.CodeQL|Any CPU.Build.0 = CodeQL|Any CPU
		{8D8718B6-0511-4F2D-A9A7-A273C0ABD3E7}.CodeQL|x64.ActiveCfg = CodeQL|Any CPU
		{8D8718B6-0511-4F2D-A9A7-A273C0ABD3E7}.CodeQL|x64.Build.0 = CodeQL|Any CPU
		{8D8718B6-0511-4F2D-A9A7-A273C0ABD3E7}.CodeQL|x86.ActiveCfg = CodeQL|Any CPU
		{8D8718B6-0511-4F2D-A9A7-A273C0ABD3E7}.CodeQL|x86.Build.0 = CodeQL|Any CPU
		{8D8718B6-0511-4F2D-A9A7-A273C0ABD3E7}.Debug|Any CPU.ActiveCfg = Debug|Any CPU
		{8D8718B6-0511-4F2D-A9A7-A273C0ABD3E7}.Debug|Any CPU.Build.0 = Debug|Any CPU
		{8D8718B6-0511-4F2D-A9A7-A273C0ABD3E7}.Debug|x64.ActiveCfg = Debug|Any CPU
		{8D8718B6-0511-4F2D-A9A7-A273C0ABD3E7}.Debug|x64.Build.0 = Debug|Any CPU
		{8D8718B6-0511-4F2D-A9A7-A273C0ABD3E7}.Debug|x86.ActiveCfg = Debug|Any CPU
		{8D8718B6-0511-4F2D-A9A7-A273C0ABD3E7}.Debug|x86.Build.0 = Debug|Any CPU
		{8D8718B6-0511-4F2D-A9A7-A273C0ABD3E7}.Release|Any CPU.ActiveCfg = Release|Any CPU
		{8D8718B6-0511-4F2D-A9A7-A273C0ABD3E7}.Release|Any CPU.Build.0 = Release|Any CPU
		{8D8718B6-0511-4F2D-A9A7-A273C0ABD3E7}.Release|x64.ActiveCfg = Release|Any CPU
		{8D8718B6-0511-4F2D-A9A7-A273C0ABD3E7}.Release|x64.Build.0 = Release|Any CPU
		{8D8718B6-0511-4F2D-A9A7-A273C0ABD3E7}.Release|x86.ActiveCfg = Release|Any CPU
		{8D8718B6-0511-4F2D-A9A7-A273C0ABD3E7}.Release|x86.Build.0 = Release|Any CPU
		{ED6ABDB9-3AA5-4311-B5DD-D4F74BE0BE68}.CodeQL|Any CPU.ActiveCfg = CodeQL|Any CPU
		{ED6ABDB9-3AA5-4311-B5DD-D4F74BE0BE68}.CodeQL|Any CPU.Build.0 = CodeQL|Any CPU
		{ED6ABDB9-3AA5-4311-B5DD-D4F74BE0BE68}.CodeQL|x64.ActiveCfg = CodeQL|Any CPU
		{ED6ABDB9-3AA5-4311-B5DD-D4F74BE0BE68}.CodeQL|x64.Build.0 = CodeQL|Any CPU
		{ED6ABDB9-3AA5-4311-B5DD-D4F74BE0BE68}.CodeQL|x86.ActiveCfg = CodeQL|Any CPU
		{ED6ABDB9-3AA5-4311-B5DD-D4F74BE0BE68}.CodeQL|x86.Build.0 = CodeQL|Any CPU
		{ED6ABDB9-3AA5-4311-B5DD-D4F74BE0BE68}.Debug|Any CPU.ActiveCfg = Debug|Any CPU
		{ED6ABDB9-3AA5-4311-B5DD-D4F74BE0BE68}.Debug|Any CPU.Build.0 = Debug|Any CPU
		{ED6ABDB9-3AA5-4311-B5DD-D4F74BE0BE68}.Debug|x64.ActiveCfg = Debug|Any CPU
		{ED6ABDB9-3AA5-4311-B5DD-D4F74BE0BE68}.Debug|x64.Build.0 = Debug|Any CPU
		{ED6ABDB9-3AA5-4311-B5DD-D4F74BE0BE68}.Debug|x86.ActiveCfg = Debug|Any CPU
		{ED6ABDB9-3AA5-4311-B5DD-D4F74BE0BE68}.Debug|x86.Build.0 = Debug|Any CPU
		{ED6ABDB9-3AA5-4311-B5DD-D4F74BE0BE68}.Release|Any CPU.ActiveCfg = Release|Any CPU
		{ED6ABDB9-3AA5-4311-B5DD-D4F74BE0BE68}.Release|Any CPU.Build.0 = Release|Any CPU
		{ED6ABDB9-3AA5-4311-B5DD-D4F74BE0BE68}.Release|x64.ActiveCfg = Release|Any CPU
		{ED6ABDB9-3AA5-4311-B5DD-D4F74BE0BE68}.Release|x64.Build.0 = Release|Any CPU
		{ED6ABDB9-3AA5-4311-B5DD-D4F74BE0BE68}.Release|x86.ActiveCfg = Release|Any CPU
		{ED6ABDB9-3AA5-4311-B5DD-D4F74BE0BE68}.Release|x86.Build.0 = Release|Any CPU
		{51C58380-079F-4FDA-A87D-DC72DBB2259E}.CodeQL|Any CPU.ActiveCfg = CodeQL|Any CPU
		{51C58380-079F-4FDA-A87D-DC72DBB2259E}.CodeQL|Any CPU.Build.0 = CodeQL|Any CPU
		{51C58380-079F-4FDA-A87D-DC72DBB2259E}.CodeQL|x64.ActiveCfg = CodeQL|Any CPU
		{51C58380-079F-4FDA-A87D-DC72DBB2259E}.CodeQL|x64.Build.0 = CodeQL|Any CPU
		{51C58380-079F-4FDA-A87D-DC72DBB2259E}.CodeQL|x86.ActiveCfg = CodeQL|Any CPU
		{51C58380-079F-4FDA-A87D-DC72DBB2259E}.CodeQL|x86.Build.0 = CodeQL|Any CPU
		{51C58380-079F-4FDA-A87D-DC72DBB2259E}.Debug|Any CPU.ActiveCfg = Debug|Any CPU
		{51C58380-079F-4FDA-A87D-DC72DBB2259E}.Debug|Any CPU.Build.0 = Debug|Any CPU
		{51C58380-079F-4FDA-A87D-DC72DBB2259E}.Debug|x64.ActiveCfg = Debug|Any CPU
		{51C58380-079F-4FDA-A87D-DC72DBB2259E}.Debug|x64.Build.0 = Debug|Any CPU
		{51C58380-079F-4FDA-A87D-DC72DBB2259E}.Debug|x86.ActiveCfg = Debug|Any CPU
		{51C58380-079F-4FDA-A87D-DC72DBB2259E}.Debug|x86.Build.0 = Debug|Any CPU
		{51C58380-079F-4FDA-A87D-DC72DBB2259E}.Release|Any CPU.ActiveCfg = Release|Any CPU
		{51C58380-079F-4FDA-A87D-DC72DBB2259E}.Release|Any CPU.Build.0 = Release|Any CPU
		{51C58380-079F-4FDA-A87D-DC72DBB2259E}.Release|x64.ActiveCfg = Release|Any CPU
		{51C58380-079F-4FDA-A87D-DC72DBB2259E}.Release|x64.Build.0 = Release|Any CPU
		{51C58380-079F-4FDA-A87D-DC72DBB2259E}.Release|x86.ActiveCfg = Release|Any CPU
		{51C58380-079F-4FDA-A87D-DC72DBB2259E}.Release|x86.Build.0 = Release|Any CPU
		{92C89CF6-7E28-4BDC-83C3-3EF2BFEA39FA}.CodeQL|Any CPU.ActiveCfg = CodeQL|Any CPU
		{92C89CF6-7E28-4BDC-83C3-3EF2BFEA39FA}.CodeQL|Any CPU.Build.0 = CodeQL|Any CPU
		{92C89CF6-7E28-4BDC-83C3-3EF2BFEA39FA}.CodeQL|x64.ActiveCfg = CodeQL|Any CPU
		{92C89CF6-7E28-4BDC-83C3-3EF2BFEA39FA}.CodeQL|x64.Build.0 = CodeQL|Any CPU
		{92C89CF6-7E28-4BDC-83C3-3EF2BFEA39FA}.CodeQL|x86.ActiveCfg = CodeQL|Any CPU
		{92C89CF6-7E28-4BDC-83C3-3EF2BFEA39FA}.CodeQL|x86.Build.0 = CodeQL|Any CPU
		{92C89CF6-7E28-4BDC-83C3-3EF2BFEA39FA}.Debug|Any CPU.ActiveCfg = Debug|Any CPU
		{92C89CF6-7E28-4BDC-83C3-3EF2BFEA39FA}.Debug|Any CPU.Build.0 = Debug|Any CPU
		{92C89CF6-7E28-4BDC-83C3-3EF2BFEA39FA}.Debug|x64.ActiveCfg = Debug|Any CPU
		{92C89CF6-7E28-4BDC-83C3-3EF2BFEA39FA}.Debug|x64.Build.0 = Debug|Any CPU
		{92C89CF6-7E28-4BDC-83C3-3EF2BFEA39FA}.Debug|x86.ActiveCfg = Debug|Any CPU
		{92C89CF6-7E28-4BDC-83C3-3EF2BFEA39FA}.Debug|x86.Build.0 = Debug|Any CPU
		{92C89CF6-7E28-4BDC-83C3-3EF2BFEA39FA}.Release|Any CPU.ActiveCfg = Release|Any CPU
		{92C89CF6-7E28-4BDC-83C3-3EF2BFEA39FA}.Release|Any CPU.Build.0 = Release|Any CPU
		{92C89CF6-7E28-4BDC-83C3-3EF2BFEA39FA}.Release|x64.ActiveCfg = Release|Any CPU
		{92C89CF6-7E28-4BDC-83C3-3EF2BFEA39FA}.Release|x64.Build.0 = Release|Any CPU
		{92C89CF6-7E28-4BDC-83C3-3EF2BFEA39FA}.Release|x86.ActiveCfg = Release|Any CPU
		{92C89CF6-7E28-4BDC-83C3-3EF2BFEA39FA}.Release|x86.Build.0 = Release|Any CPU
		{E687D40B-386F-4806-AA60-6875735131B2}.CodeQL|Any CPU.ActiveCfg = CodeQL|Any CPU
		{E687D40B-386F-4806-AA60-6875735131B2}.CodeQL|Any CPU.Build.0 = CodeQL|Any CPU
		{E687D40B-386F-4806-AA60-6875735131B2}.CodeQL|x64.ActiveCfg = CodeQL|Any CPU
		{E687D40B-386F-4806-AA60-6875735131B2}.CodeQL|x64.Build.0 = CodeQL|Any CPU
		{E687D40B-386F-4806-AA60-6875735131B2}.CodeQL|x86.ActiveCfg = CodeQL|Any CPU
		{E687D40B-386F-4806-AA60-6875735131B2}.CodeQL|x86.Build.0 = CodeQL|Any CPU
		{E687D40B-386F-4806-AA60-6875735131B2}.Debug|Any CPU.ActiveCfg = Debug|Any CPU
		{E687D40B-386F-4806-AA60-6875735131B2}.Debug|Any CPU.Build.0 = Debug|Any CPU
		{E687D40B-386F-4806-AA60-6875735131B2}.Debug|x64.ActiveCfg = Debug|Any CPU
		{E687D40B-386F-4806-AA60-6875735131B2}.Debug|x64.Build.0 = Debug|Any CPU
		{E687D40B-386F-4806-AA60-6875735131B2}.Debug|x86.ActiveCfg = Debug|Any CPU
		{E687D40B-386F-4806-AA60-6875735131B2}.Debug|x86.Build.0 = Debug|Any CPU
		{E687D40B-386F-4806-AA60-6875735131B2}.Release|Any CPU.ActiveCfg = Release|Any CPU
		{E687D40B-386F-4806-AA60-6875735131B2}.Release|Any CPU.Build.0 = Release|Any CPU
		{E687D40B-386F-4806-AA60-6875735131B2}.Release|x64.ActiveCfg = Release|Any CPU
		{E687D40B-386F-4806-AA60-6875735131B2}.Release|x64.Build.0 = Release|Any CPU
		{E687D40B-386F-4806-AA60-6875735131B2}.Release|x86.ActiveCfg = Release|Any CPU
		{E687D40B-386F-4806-AA60-6875735131B2}.Release|x86.Build.0 = Release|Any CPU
		{59F5976A-0870-41E8-AEC9-568F317BD7D2}.CodeQL|Any CPU.ActiveCfg = CodeQL|Any CPU
		{59F5976A-0870-41E8-AEC9-568F317BD7D2}.CodeQL|Any CPU.Deploy.0 = CodeQL|Any CPU
		{59F5976A-0870-41E8-AEC9-568F317BD7D2}.CodeQL|x64.ActiveCfg = CodeQL|x64
		{59F5976A-0870-41E8-AEC9-568F317BD7D2}.CodeQL|x86.ActiveCfg = CodeQL|x86
		{59F5976A-0870-41E8-AEC9-568F317BD7D2}.Debug|Any CPU.ActiveCfg = Debug|Any CPU
		{59F5976A-0870-41E8-AEC9-568F317BD7D2}.Debug|Any CPU.Build.0 = Debug|Any CPU
		{59F5976A-0870-41E8-AEC9-568F317BD7D2}.Debug|Any CPU.Deploy.0 = Debug|Any CPU
		{59F5976A-0870-41E8-AEC9-568F317BD7D2}.Debug|x64.ActiveCfg = Debug|x64
		{59F5976A-0870-41E8-AEC9-568F317BD7D2}.Debug|x86.ActiveCfg = Debug|x86
		{59F5976A-0870-41E8-AEC9-568F317BD7D2}.Release|Any CPU.ActiveCfg = Release|Any CPU
		{59F5976A-0870-41E8-AEC9-568F317BD7D2}.Release|Any CPU.Build.0 = Release|Any CPU
		{59F5976A-0870-41E8-AEC9-568F317BD7D2}.Release|Any CPU.Deploy.0 = Release|Any CPU
		{59F5976A-0870-41E8-AEC9-568F317BD7D2}.Release|x64.ActiveCfg = Release|x64
		{59F5976A-0870-41E8-AEC9-568F317BD7D2}.Release|x86.ActiveCfg = Release|x86
		{2B3EB965-E32D-4226-8849-0A5CC5808174}.CodeQL|Any CPU.ActiveCfg = CodeQL|Any CPU
		{2B3EB965-E32D-4226-8849-0A5CC5808174}.CodeQL|Any CPU.Build.0 = CodeQL|Any CPU
		{2B3EB965-E32D-4226-8849-0A5CC5808174}.CodeQL|x64.ActiveCfg = CodeQL|Any CPU
		{2B3EB965-E32D-4226-8849-0A5CC5808174}.CodeQL|x64.Build.0 = CodeQL|Any CPU
		{2B3EB965-E32D-4226-8849-0A5CC5808174}.CodeQL|x86.ActiveCfg = CodeQL|Any CPU
		{2B3EB965-E32D-4226-8849-0A5CC5808174}.CodeQL|x86.Build.0 = CodeQL|Any CPU
		{2B3EB965-E32D-4226-8849-0A5CC5808174}.Debug|Any CPU.ActiveCfg = Debug|Any CPU
		{2B3EB965-E32D-4226-8849-0A5CC5808174}.Debug|Any CPU.Build.0 = Debug|Any CPU
		{2B3EB965-E32D-4226-8849-0A5CC5808174}.Debug|x64.ActiveCfg = Debug|Any CPU
		{2B3EB965-E32D-4226-8849-0A5CC5808174}.Debug|x64.Build.0 = Debug|Any CPU
		{2B3EB965-E32D-4226-8849-0A5CC5808174}.Debug|x86.ActiveCfg = Debug|Any CPU
		{2B3EB965-E32D-4226-8849-0A5CC5808174}.Debug|x86.Build.0 = Debug|Any CPU
		{2B3EB965-E32D-4226-8849-0A5CC5808174}.Release|Any CPU.ActiveCfg = Release|Any CPU
		{2B3EB965-E32D-4226-8849-0A5CC5808174}.Release|Any CPU.Build.0 = Release|Any CPU
		{2B3EB965-E32D-4226-8849-0A5CC5808174}.Release|x64.ActiveCfg = Release|Any CPU
		{2B3EB965-E32D-4226-8849-0A5CC5808174}.Release|x64.Build.0 = Release|Any CPU
		{2B3EB965-E32D-4226-8849-0A5CC5808174}.Release|x86.ActiveCfg = Release|Any CPU
		{2B3EB965-E32D-4226-8849-0A5CC5808174}.Release|x86.Build.0 = Release|Any CPU
		{574F08BF-BE09-4062-8A11-88DC402D5B24}.CodeQL|Any CPU.ActiveCfg = CodeQL|Any CPU
		{574F08BF-BE09-4062-8A11-88DC402D5B24}.CodeQL|Any CPU.Build.0 = CodeQL|Any CPU
		{574F08BF-BE09-4062-8A11-88DC402D5B24}.CodeQL|x64.ActiveCfg = CodeQL|Any CPU
		{574F08BF-BE09-4062-8A11-88DC402D5B24}.CodeQL|x64.Build.0 = CodeQL|Any CPU
		{574F08BF-BE09-4062-8A11-88DC402D5B24}.CodeQL|x86.ActiveCfg = CodeQL|Any CPU
		{574F08BF-BE09-4062-8A11-88DC402D5B24}.CodeQL|x86.Build.0 = CodeQL|Any CPU
		{574F08BF-BE09-4062-8A11-88DC402D5B24}.Debug|Any CPU.ActiveCfg = Debug|Any CPU
		{574F08BF-BE09-4062-8A11-88DC402D5B24}.Debug|Any CPU.Build.0 = Debug|Any CPU
		{574F08BF-BE09-4062-8A11-88DC402D5B24}.Debug|x64.ActiveCfg = Debug|Any CPU
		{574F08BF-BE09-4062-8A11-88DC402D5B24}.Debug|x64.Build.0 = Debug|Any CPU
		{574F08BF-BE09-4062-8A11-88DC402D5B24}.Debug|x86.ActiveCfg = Debug|Any CPU
		{574F08BF-BE09-4062-8A11-88DC402D5B24}.Debug|x86.Build.0 = Debug|Any CPU
		{574F08BF-BE09-4062-8A11-88DC402D5B24}.Release|Any CPU.ActiveCfg = Release|Any CPU
		{574F08BF-BE09-4062-8A11-88DC402D5B24}.Release|Any CPU.Build.0 = Release|Any CPU
		{574F08BF-BE09-4062-8A11-88DC402D5B24}.Release|x64.ActiveCfg = Release|Any CPU
		{574F08BF-BE09-4062-8A11-88DC402D5B24}.Release|x64.Build.0 = Release|Any CPU
		{574F08BF-BE09-4062-8A11-88DC402D5B24}.Release|x86.ActiveCfg = Release|Any CPU
		{574F08BF-BE09-4062-8A11-88DC402D5B24}.Release|x86.Build.0 = Release|Any CPU
		{7491C3B9-7419-47F7-94D6-4E593BAD2589}.CodeQL|Any CPU.ActiveCfg = CodeQL|Any CPU
		{7491C3B9-7419-47F7-94D6-4E593BAD2589}.CodeQL|Any CPU.Build.0 = CodeQL|Any CPU
		{7491C3B9-7419-47F7-94D6-4E593BAD2589}.CodeQL|x64.ActiveCfg = CodeQL|Any CPU
		{7491C3B9-7419-47F7-94D6-4E593BAD2589}.CodeQL|x64.Build.0 = CodeQL|Any CPU
		{7491C3B9-7419-47F7-94D6-4E593BAD2589}.CodeQL|x86.ActiveCfg = CodeQL|Any CPU
		{7491C3B9-7419-47F7-94D6-4E593BAD2589}.CodeQL|x86.Build.0 = CodeQL|Any CPU
		{7491C3B9-7419-47F7-94D6-4E593BAD2589}.Debug|Any CPU.ActiveCfg = Debug|Any CPU
		{7491C3B9-7419-47F7-94D6-4E593BAD2589}.Debug|Any CPU.Build.0 = Debug|Any CPU
		{7491C3B9-7419-47F7-94D6-4E593BAD2589}.Debug|x64.ActiveCfg = Debug|Any CPU
		{7491C3B9-7419-47F7-94D6-4E593BAD2589}.Debug|x64.Build.0 = Debug|Any CPU
		{7491C3B9-7419-47F7-94D6-4E593BAD2589}.Debug|x86.ActiveCfg = Debug|Any CPU
		{7491C3B9-7419-47F7-94D6-4E593BAD2589}.Debug|x86.Build.0 = Debug|Any CPU
		{7491C3B9-7419-47F7-94D6-4E593BAD2589}.Release|Any CPU.ActiveCfg = Release|Any CPU
		{7491C3B9-7419-47F7-94D6-4E593BAD2589}.Release|Any CPU.Build.0 = Release|Any CPU
		{7491C3B9-7419-47F7-94D6-4E593BAD2589}.Release|x64.ActiveCfg = Release|Any CPU
		{7491C3B9-7419-47F7-94D6-4E593BAD2589}.Release|x64.Build.0 = Release|Any CPU
		{7491C3B9-7419-47F7-94D6-4E593BAD2589}.Release|x86.ActiveCfg = Release|Any CPU
		{7491C3B9-7419-47F7-94D6-4E593BAD2589}.Release|x86.Build.0 = Release|Any CPU
		{2B1D1694-3D4A-4051-8458-28BC1D70788B}.CodeQL|Any CPU.ActiveCfg = Debug|Any CPU
		{2B1D1694-3D4A-4051-8458-28BC1D70788B}.CodeQL|Any CPU.Build.0 = Debug|Any CPU
		{2B1D1694-3D4A-4051-8458-28BC1D70788B}.CodeQL|x64.ActiveCfg = CodeQL|Any CPU
		{2B1D1694-3D4A-4051-8458-28BC1D70788B}.CodeQL|x64.Build.0 = CodeQL|Any CPU
		{2B1D1694-3D4A-4051-8458-28BC1D70788B}.CodeQL|x86.ActiveCfg = CodeQL|Any CPU
		{2B1D1694-3D4A-4051-8458-28BC1D70788B}.CodeQL|x86.Build.0 = CodeQL|Any CPU
		{2B1D1694-3D4A-4051-8458-28BC1D70788B}.Debug|Any CPU.ActiveCfg = Debug|Any CPU
		{2B1D1694-3D4A-4051-8458-28BC1D70788B}.Debug|Any CPU.Build.0 = Debug|Any CPU
		{2B1D1694-3D4A-4051-8458-28BC1D70788B}.Debug|x64.ActiveCfg = Debug|Any CPU
		{2B1D1694-3D4A-4051-8458-28BC1D70788B}.Debug|x64.Build.0 = Debug|Any CPU
		{2B1D1694-3D4A-4051-8458-28BC1D70788B}.Debug|x86.ActiveCfg = Debug|Any CPU
		{2B1D1694-3D4A-4051-8458-28BC1D70788B}.Debug|x86.Build.0 = Debug|Any CPU
		{2B1D1694-3D4A-4051-8458-28BC1D70788B}.Release|Any CPU.ActiveCfg = Release|Any CPU
		{2B1D1694-3D4A-4051-8458-28BC1D70788B}.Release|Any CPU.Build.0 = Release|Any CPU
		{2B1D1694-3D4A-4051-8458-28BC1D70788B}.Release|x64.ActiveCfg = Release|Any CPU
		{2B1D1694-3D4A-4051-8458-28BC1D70788B}.Release|x64.Build.0 = Release|Any CPU
		{2B1D1694-3D4A-4051-8458-28BC1D70788B}.Release|x86.ActiveCfg = Release|Any CPU
		{2B1D1694-3D4A-4051-8458-28BC1D70788B}.Release|x86.Build.0 = Release|Any CPU
		{9A756A7D-1B69-48F1-A2D9-1FA757EF622F}.CodeQL|Any CPU.ActiveCfg = CodeQL|Any CPU
		{9A756A7D-1B69-48F1-A2D9-1FA757EF622F}.CodeQL|Any CPU.Build.0 = CodeQL|Any CPU
		{9A756A7D-1B69-48F1-A2D9-1FA757EF622F}.CodeQL|x64.ActiveCfg = CodeQL|Any CPU
		{9A756A7D-1B69-48F1-A2D9-1FA757EF622F}.CodeQL|x64.Build.0 = CodeQL|Any CPU
		{9A756A7D-1B69-48F1-A2D9-1FA757EF622F}.CodeQL|x86.ActiveCfg = CodeQL|Any CPU
		{9A756A7D-1B69-48F1-A2D9-1FA757EF622F}.CodeQL|x86.Build.0 = CodeQL|Any CPU
		{9A756A7D-1B69-48F1-A2D9-1FA757EF622F}.Debug|Any CPU.ActiveCfg = Debug|Any CPU
		{9A756A7D-1B69-48F1-A2D9-1FA757EF622F}.Debug|Any CPU.Build.0 = Debug|Any CPU
		{9A756A7D-1B69-48F1-A2D9-1FA757EF622F}.Debug|x64.ActiveCfg = Debug|Any CPU
		{9A756A7D-1B69-48F1-A2D9-1FA757EF622F}.Debug|x64.Build.0 = Debug|Any CPU
		{9A756A7D-1B69-48F1-A2D9-1FA757EF622F}.Debug|x86.ActiveCfg = Debug|Any CPU
		{9A756A7D-1B69-48F1-A2D9-1FA757EF622F}.Debug|x86.Build.0 = Debug|Any CPU
		{9A756A7D-1B69-48F1-A2D9-1FA757EF622F}.Release|Any CPU.ActiveCfg = Release|Any CPU
		{9A756A7D-1B69-48F1-A2D9-1FA757EF622F}.Release|Any CPU.Build.0 = Release|Any CPU
		{9A756A7D-1B69-48F1-A2D9-1FA757EF622F}.Release|x64.ActiveCfg = Release|Any CPU
		{9A756A7D-1B69-48F1-A2D9-1FA757EF622F}.Release|x64.Build.0 = Release|Any CPU
		{9A756A7D-1B69-48F1-A2D9-1FA757EF622F}.Release|x86.ActiveCfg = Release|Any CPU
		{9A756A7D-1B69-48F1-A2D9-1FA757EF622F}.Release|x86.Build.0 = Release|Any CPU
	EndGlobalSection
	GlobalSection(SolutionProperties) = preSolution
		HideSolutionNode = FALSE
	EndGlobalSection
	GlobalSection(NestedProjects) = preSolution
		{5441B72E-F7BE-42F5-AE47-DAFA863EB92B} = {C0F8E8BE-45A1-4FFC-B1F1-E56DBFD84AD8}
		{8D8718B6-0511-4F2D-A9A7-A273C0ABD3E7} = {BC9E69E1-FD88-4A76-9F87-8A15C685AF3F}
		{ED6ABDB9-3AA5-4311-B5DD-D4F74BE0BE68} = {BC9E69E1-FD88-4A76-9F87-8A15C685AF3F}
		{92C89CF6-7E28-4BDC-83C3-3EF2BFEA39FA} = {7C196CCF-D6E3-4A12-BCCF-4478002F8F72}
		{E687D40B-386F-4806-AA60-6875735131B2} = {C0F8E8BE-45A1-4FFC-B1F1-E56DBFD84AD8}
		{2B3EB965-E32D-4226-8849-0A5CC5808174} = {C0F8E8BE-45A1-4FFC-B1F1-E56DBFD84AD8}
		{574F08BF-BE09-4062-8A11-88DC402D5B24} = {C0F8E8BE-45A1-4FFC-B1F1-E56DBFD84AD8}
		{7491C3B9-7419-47F7-94D6-4E593BAD2589} = {BC9E69E1-FD88-4A76-9F87-8A15C685AF3F}
		{2B1D1694-3D4A-4051-8458-28BC1D70788B} = {BC9E69E1-FD88-4A76-9F87-8A15C685AF3F}
	EndGlobalSection
	GlobalSection(ExtensibilityGlobals) = postSolution
		SolutionGuid = {71DE413A-1584-4ADD-88DF-3530E8E59CF4}
	EndGlobalSection
EndGlobal
